PODS:
  - AMap3DMap (4.1.0):
    - AMapFoundation (~> 1.1)
  - AMapFoundation (1.1.0)
  - AMapSearch (4.1.0):
    - AMapFoundation (~> 1.0)

DEPENDENCIES:
  - AMap3DMap
  - AMapSearch

SPEC CHECKSUMS:
  AMap3DMap: 048e1ef05ce87a486d6bf4f09a4e2285356b3a16
  AMapFoundation: 15db20567e6512422a086a01b42a88b145bc2500
  AMapSearch: cb4722480d2d4331a032d43bd1070ed0fa55dac9

COCOAPODS: 0.39.0
